// !$*UTF8*$!
{
	archiveVersion = 1;
	classes = {
	};
	objectVersion = 55;
	objects = {

/* Begin PBXBuildFile section */
		D0344FBE28D7D5FB007A2E76 /* LoadingView.swift in Sources */ = {isa = PBXBuildFile; fileRef = D0344FBD28D7D5FB007A2E76 /* LoadingView.swift */; };
		D0344FC028D7E818007A2E76 /* WeatherManager.swift in Sources */ = {isa = PBXBuildFile; fileRef = D0344FBF28D7E818007A2E76 /* WeatherManager.swift */; };
		D0344FC228D7F1E4007A2E76 /* WeatherView.swift in Sources */ = {isa = PBXBuildFile; fileRef = D0344FC128D7F1E4007A2E76 /* WeatherView.swift */; };
		D0344FC428D7F2BB007A2E76 /* ModelData.swift in Sources */ = {isa = PBXBuildFile; fileRef = D0344FC328D7F2BB007A2E76 /* ModelData.swift */; };
		D06FBA1F28F4B52D000AE679 /* WeatherRow.swift in Sources */ = {isa = PBXBuildFile; fileRef = D06FBA1E28F4B52D000AE679 /* WeatherRow.swift */; };
		D071AB8028EA45A5005495EA /* weatherData.json in Resources */ = {isa = PBXBuildFile; fileRef = D071AB7F28EA45A5005495EA /* weatherData.json */; };
		D071AB8228EA4AC0005495EA /* Extensions.swift in Sources */ = {isa = PBXBuildFile; fileRef = D071AB8128EA4AC0005495EA /* Extensions.swift */; };
		D0867DBA28D7C6E50050B092 /* CursedWeatherAppApp.swift in Sources */ = {isa = PBXBuildFile; fileRef = D0867DB928D7C6E50050B092 /* CursedWeatherAppApp.swift */; };
		D0867DBC28D7C6E50050B092 /* ContentView.swift in Sources */ = {isa = PBXBuildFile; fileRef = D0867DBB28D7C6E50050B092 /* ContentView.swift */; };
		D0867DBE28D7C6E50050B092 /* Assets.xcassets in Resources */ = {isa = PBXBuildFile; fileRef = D0867DBD28D7C6E50050B092 /* Assets.xcassets */; };
		D0867DC128D7C6E50050B092 /* Preview Assets.xcassets in Resources */ = {isa = PBXBuildFile; fileRef = D0867DC028D7C6E50050B092 /* Preview Assets.xcassets */; };
		D0867DC928D7C7990050B092 /* LocationManager.swift in Sources */ = {isa = PBXBuildFile; fileRef = D0867DC828D7C7990050B092 /* LocationManager.swift */; };
		D0867DCC28D7CA0D0050B092 /* WelcomeView.swift in Sources */ = {isa = PBXBuildFile; fileRef = D0867DCB28D7CA0D0050B092 /* WelcomeView.swift */; };
/* End PBXBuildFile section */

/* Begin PBXFileReference section */
		D0344FBD28D7D5FB007A2E76 /* LoadingView.swift */ = {isa = PBXFileReference; lastKnownFileType = sourcecode.swift; path = LoadingView.swift; sourceTree = "<group>"; };
		D0344FBF28D7E818007A2E76 /* WeatherManager.swift */ = {isa = PBXFileReference; lastKnownFileType = sourcecode.swift; path = WeatherManager.swift; sourceTree = "<group>"; };
		D0344FC128D7F1E4007A2E76 /* WeatherView.swift */ = {isa = PBXFileReference; lastKnownFileType = sourcecode.swift; path = WeatherView.swift; sourceTree = "<group>"; };
		D0344FC328D7F2BB007A2E76 /* ModelData.swift */ = {isa = PBXFileReference; lastKnownFileType = sourcecode.swift; path = ModelData.swift; sourceTree = "<group>"; };
		D06FBA1E28F4B52D000AE679 /* WeatherRow.swift */ = {isa = PBXFileReference; lastKnownFileType = sourcecode.swift; path = WeatherRow.swift; sourceTree = "<group>"; };
		D071AB7F28EA45A5005495EA /* weatherData.json */ = {isa = PBXFileReference; lastKnownFileType = text.json; path = weatherData.json; sourceTree = "<group>"; };
		D071AB8128EA4AC0005495EA /* Extensions.swift */ = {isa = PBXFileReference; lastKnownFileType = sourcecode.swift; path = Extensions.swift; sourceTree = "<group>"; };
		D0867DB628D7C6E50050B092 /* CursedWeatherApp.app */ = {isa = PBXFileReference; explicitFileType = wrapper.application; includeInIndex = 0; path = CursedWeatherApp.app; sourceTree = BUILT_PRODUCTS_DIR; };
		D0867DB928D7C6E50050B092 /* CursedWeatherAppApp.swift */ = {isa = PBXFileReference; lastKnownFileType = sourcecode.swift; path = CursedWeatherAppApp.swift; sourceTree = "<group>"; };
		D0867DBB28D7C6E50050B092 /* ContentView.swift */ = {isa = PBXFileReference; lastKnownFileType = sourcecode.swift; path = ContentView.swift; sourceTree = "<group>"; };
		D0867DBD28D7C6E50050B092 /* Assets.xcassets */ = {isa = PBXFileReference; lastKnownFileType = folder.assetcatalog; path = Assets.xcassets; sourceTree = "<group>"; };
		D0867DC028D7C6E50050B092 /* Preview Assets.xcassets */ = {isa = PBXFileReference; lastKnownFileType = folder.assetcatalog; path = "Preview Assets.xcassets"; sourceTree = "<group>"; };
		D0867DC828D7C7990050B092 /* LocationManager.swift */ = {isa = PBXFileReference; lastKnownFileType = sourcecode.swift; path = LocationManager.swift; sourceTree = "<group>"; };
		D0867DCB28D7CA0D0050B092 /* WelcomeView.swift */ = {isa = PBXFileReference; lastKnownFileType = sourcecode.swift; path = WelcomeView.swift; sourceTree = "<group>"; };
/* End PBXFileReference section */

/* Begin PBXFrameworksBuildPhase section */
		D0867DB328D7C6E50050B092 /* Frameworks */ = {
			isa = PBXFrameworksBuildPhase;
			buildActionMask = 2147483647;
			files = (
			);
			runOnlyForDeploymentPostprocessing = 0;
		};
/* End PBXFrameworksBuildPhase section */

/* Begin PBXGroup section */
		D06FBA1D28F4B512000AE679 /* Compnents */ = {
			isa = PBXGroup;
			children = (
				D06FBA1E28F4B52D000AE679 /* WeatherRow.swift */,
			);
			path = Compnents;
			sourceTree = "<group>";
		};
		D0867DAD28D7C6E50050B092 = {
			isa = PBXGroup;
			children = (
				D06FBA1D28F4B512000AE679 /* Compnents */,
				D0867DB828D7C6E50050B092 /* CursedWeatherApp */,
				D0867DB728D7C6E50050B092 /* Products */,
			);
			sourceTree = "<group>";
		};
		D0867DB728D7C6E50050B092 /* Products */ = {
			isa = PBXGroup;
			children = (
				D0867DB628D7C6E50050B092 /* CursedWeatherApp.app */,
			);
			name = Products;
			sourceTree = "<group>";
		};
		D0867DB828D7C6E50050B092 /* CursedWeatherApp */ = {
			isa = PBXGroup;
			children = (
				D0867DB928D7C6E50050B092 /* CursedWeatherAppApp.swift */,
				D0867DCA28D7C9950050B092 /* Views */,
				D0867DBD28D7C6E50050B092 /* Assets.xcassets */,
				D0867DC728D7C7330050B092 /* Managers */,
				D0867DBF28D7C6E50050B092 /* Preview Content */,
			);
			path = CursedWeatherApp;
			sourceTree = "<group>";
		};
		D0867DBF28D7C6E50050B092 /* Preview Content */ = {
			isa = PBXGroup;
			children = (
				D0867DC028D7C6E50050B092 /* Preview Assets.xcassets */,
				D0344FC328D7F2BB007A2E76 /* ModelData.swift */,
				D071AB7F28EA45A5005495EA /* weatherData.json */,
			);
			path = "Preview Content";
			sourceTree = "<group>";
		};
		D0867DC728D7C7330050B092 /* Managers */ = {
			isa = PBXGroup;
			children = (
				D0867DC828D7C7990050B092 /* LocationManager.swift */,
				D0344FBF28D7E818007A2E76 /* WeatherManager.swift */,
				D071AB8128EA4AC0005495EA /* Extensions.swift */,
			);
			path = Managers;
			sourceTree = "<group>";
		};
		D0867DCA28D7C9950050B092 /* Views */ = {
			isa = PBXGroup;
			children = (
				D0867DBB28D7C6E50050B092 /* ContentView.swift */,
				D0867DCB28D7CA0D0050B092 /* WelcomeView.swift */,
				D0344FBD28D7D5FB007A2E76 /* LoadingView.swift */,
				D0344FC128D7F1E4007A2E76 /* WeatherView.swift */,
			);
			path = Views;
			sourceTree = "<group>";
		};
/* End PBXGroup section */

/* Begin PBXNativeTarget section */
		D0867DB528D7C6E50050B092 /* CursedWeatherApp */ = {
			isa = PBXNativeTarget;
			buildConfigurationList = D0867DC428D7C6E50050B092 /* Build configuration list for PBXNativeTarget "CursedWeatherApp" */;
			buildPhases = (
				D0867DB228D7C6E50050B092 /* Sources */,
				D0867DB328D7C6E50050B092 /* Frameworks */,
				D0867DB428D7C6E50050B092 /* Resources */,
			);
			buildRules = (
			);
			dependencies = (
			);
			name = CursedWeatherApp;
			productName = CursedWeatherApp;
			productReference = D0867DB628D7C6E50050B092 /* CursedWeatherApp.app */;
			productType = "com.apple.product-type.application";
		};
/* End PBXNativeTarget section */

/* Begin PBXProject section */
		D0867DAE28D7C6E50050B092 /* Project object */ = {
			isa = PBXProject;
			attributes = {
				BuildIndependentTargetsInParallel = 1;
				LastSwiftUpdateCheck = 1340;
				LastUpgradeCheck = 1340;
				TargetAttributes = {
					D0867DB528D7C6E50050B092 = {
						CreatedOnToolsVersion = 13.4.1;
					};
				};
			};
			buildConfigurationList = D0867DB128D7C6E50050B092 /* Build configuration list for PBXProject "CursedWeatherApp" */;
			compatibilityVersion = "Xcode 13.0";
			developmentRegion = en;
			hasScannedForEncodings = 0;
			knownRegions = (
				en,
				Base,
			);
			mainGroup = D0867DAD28D7C6E50050B092;
			productRefGroup = D0867DB728D7C6E50050B092 /* Products */;
			projectDirPath = "";
			projectRoot = "";
			targets = (
				D0867DB528D7C6E50050B092 /* CursedWeatherApp */,
			);
		};
/* End PBXProject section */

/* Begin PBXResourcesBuildPhase section */
		D0867DB428D7C6E50050B092 /* Resources */ = {
			isa = PBXResourcesBuildPhase;
			buildActionMask = 2147483647;
			files = (
				D0867DC128D7C6E50050B092 /* Preview Assets.xcassets in Resources */,
				D071AB8028EA45A5005495EA /* weatherData.json in Resources */,
				D0867DBE28D7C6E50050B092 /* Assets.xcassets in Resources */,
			);
			runOnlyForDeploymentPostprocessing = 0;
		};
/* End PBXResourcesBuildPhase section */

/* Begin PBXSourcesBuildPhase section */
		D0867DB228D7C6E50050B092 /* Sources */ = {
			isa = PBXSourcesBuildPhase;
			buildActionMask = 2147483647;
			files = (
				D0344FC028D7E818007A2E76 /* WeatherManager.swift in Sources */,
				D071AB8228EA4AC0005495EA /* Extensions.swift in Sources */,
				D0867DBC28D7C6E50050B092 /* ContentView.swift in Sources */,
				D0867DBA28D7C6E50050B092 /* CursedWeatherAppApp.swift in Sources */,
				D0867DC928D7C7990050B092 /* LocationManager.swift in Sources */,
				D06FBA1F28F4B52D000AE679 /* WeatherRow.swift in Sources */,
				D0344FBE28D7D5FB007A2E76 /* LoadingView.swift in Sources */,
				D0344FC428D7F2BB007A2E76 /* ModelData.swift in Sources */,
				D0344FC228D7F1E4007A2E76 /* WeatherView.swift in Sources */,
				D0867DCC28D7CA0D0050B092 /* WelcomeView.swift in Sources */,
			);
			runOnlyForDeploymentPostprocessing = 0;
		};
/* End PBXSourcesBuildPhase section */

/* Begin XCBuildConfiguration section */
		D0867DC228D7C6E50050B092 /* Debug */ = {
			isa = XCBuildConfiguration;
			buildSettings = {
				ALWAYS_SEARCH_USER_PATHS = NO;
				CLANG_ANALYZER_NONNULL = YES;
				CLANG_ANALYZER_NUMBER_OBJECT_CONVERSION = YES_AGGRESSIVE;
				CLANG_CXX_LANGUAGE_STANDARD = "gnu++17";
				CLANG_ENABLE_MODULES = YES;
				CLANG_ENABLE_OBJC_ARC = YES;
				CLANG_ENABLE_OBJC_WEAK = YES;
				CLANG_WARN_BLOCK_CAPTURE_AUTORELEASING = YES;
				CLANG_WARN_BOOL_CONVERSION = YES;
				CLANG_WARN_COMMA = YES;
				CLANG_WARN_CONSTANT_CONVERSION = YES;
				CLANG_WARN_DEPRECATED_OBJC_IMPLEMENTATIONS = YES;
				CLANG_WARN_DIRECT_OBJC_ISA_USAGE = YES_ERROR;
				CLANG_WARN_DOCUMENTATION_COMMENTS = YES;
				CLANG_WARN_EMPTY_BODY = YES;
				CLANG_WARN_ENUM_CONVERSION = YES;
				CLANG_WARN_INFINITE_RECURSION = YES;
				CLANG_WARN_INT_CONVERSION = YES;
				CLANG_WARN_NON_LITERAL_NULL_CONVERSION = YES;
				CLANG_WARN_OBJC_IMPLICIT_RETAIN_SELF = YES;
				CLANG_WARN_OBJC_LITERAL_CONVERSION = YES;
				CLANG_WARN_OBJC_ROOT_CLASS = YES_ERROR;
				CLANG_WARN_QUOTED_INCLUDE_IN_FRAMEWORK_HEADER = YES;
				CLANG_WARN_RANGE_LOOP_ANALYSIS = YES;
				CLANG_WARN_STRICT_PROTOTYPES = YES;
				CLANG_WARN_SUSPICIOUS_MOVE = YES;
				CLANG_WARN_UNGUARDED_AVAILABILITY = YES_AGGRESSIVE;
				CLANG_WARN_UNREACHABLE_CODE = YES;
				CLANG_WARN__DUPLICATE_METHOD_MATCH = YES;
				COPY_PHASE_STRIP = NO;
				DEBUG_INFORMATION_FORMAT = dwarf;
				ENABLE_STRICT_OBJC_MSGSEND = YES;
				ENABLE_TESTABILITY = YES;
				GCC_C_LANGUAGE_STANDARD = gnu11;
				GCC_DYNAMIC_NO_PIC = NO;
				GCC_NO_COMMON_BLOCKS = YES;
				GCC_OPTIMIZATION_LEVEL = 0;
				GCC_PREPROCESSOR_DEFINITIONS = (
					"DEBUG=1",
					"$(inherited)",
				);
				GCC_WARN_64_TO_32_BIT_CONVERSION = YES;
				GCC_WARN_ABOUT_RETURN_TYPE = YES_ERROR;
				GCC_WARN_UNDECLARED_SELECTOR = YES;
				GCC_WARN_UNINITIALIZED_AUTOS = YES_AGGRESSIVE;
				GCC_WARN_UNUSED_FUNCTION = YES;
				GCC_WARN_UNUSED_VARIABLE = YES;
				IPHONEOS_DEPLOYMENT_TARGET = 15.5;
				MTL_ENABLE_DEBUG_INFO = INCLUDE_SOURCE;
				MTL_FAST_MATH = YES;
				ONLY_ACTIVE_ARCH = YES;
				SDKROOT = iphoneos;
				SWIFT_ACTIVE_COMPILATION_CONDITIONS = DEBUG;
				SWIFT_OPTIMIZATION_LEVEL = "-Onone";
			};
			name = Debug;
		};
		D0867DC328D7C6E50050B092 /* Release */ = {
			isa = XCBuildConfiguration;
			buildSettings = {
				ALWAYS_SEARCH_USER_PATHS = NO;
				CLANG_ANALYZER_NONNULL = YES;
				CLANG_ANALYZER_NUMBER_OBJECT_CONVERSION = YES_AGGRESSIVE;
				CLANG_CXX_LANGUAGE_STANDARD = "gnu++17";
				CLANG_ENABLE_MODULES = YES;
				CLANG_ENABLE_OBJC_ARC = YES;
				CLANG_ENABLE_OBJC_WEAK = YES;
				CLANG_WARN_BLOCK_CAPTURE_AUTORELEASING = YES;
				CLANG_WARN_BOOL_CONVERSION = YES;
				CLANG_WARN_COMMA = YES;
				CLANG_WARN_CONSTANT_CONVERSION = YES;
				CLANG_WARN_DEPRECATED_OBJC_IMPLEMENTATIONS = YES;
				CLANG_WARN_DIRECT_OBJC_ISA_USAGE = YES_ERROR;
				CLANG_WARN_DOCUMENTATION_COMMENTS = YES;
				CLANG_WARN_EMPTY_BODY = YES;
				CLANG_WARN_ENUM_CONVERSION = YES;
				CLANG_WARN_INFINITE_RECURSION = YES;
				CLANG_WARN_INT_CONVERSION = YES;
				CLANG_WARN_NON_LITERAL_NULL_CONVERSION = YES;
				CLANG_WARN_OBJC_IMPLICIT_RETAIN_SELF = YES;
				CLANG_WARN_OBJC_LITERAL_CONVERSION = YES;
				CLANG_WARN_OBJC_ROOT_CLASS = YES_ERROR;
				CLANG_WARN_QUOTED_INCLUDE_IN_FRAMEWORK_HEADER = YES;
				CLANG_WARN_RANGE_LOOP_ANALYSIS = YES;
				CLANG_WARN_STRICT_PROTOTYPES = YES;
				CLANG_WARN_SUSPICIOUS_MOVE = YES;
				CLANG_WARN_UNGUARDED_AVAILABILITY = YES_AGGRESSIVE;
				CLANG_WARN_UNREACHABLE_CODE = YES;
				CLANG_WARN__DUPLICATE_METHOD_MATCH = YES;
				COPY_PHASE_STRIP = NO;
				DEBUG_INFORMATION_FORMAT = "dwarf-with-dsym";
				ENABLE_NS_ASSERTIONS = NO;
				ENABLE_STRICT_OBJC_MSGSEND = YES;
				GCC_C_LANGUAGE_STANDARD = gnu11;
				GCC_NO_COMMON_BLOCKS = YES;
				GCC_WARN_64_TO_32_BIT_CONVERSION = YES;
				GCC_WARN_ABOUT_RETURN_TYPE = YES_ERROR;
				GCC_WARN_UNDECLARED_SELECTOR = YES;
				GCC_WARN_UNINITIALIZED_AUTOS = YES_AGGRESSIVE;
				GCC_WARN_UNUSED_FUNCTION = YES;
				GCC_WARN_UNUSED_VARIABLE = YES;
				IPHONEOS_DEPLOYMENT_TARGET = 15.5;
				MTL_ENABLE_DEBUG_INFO = NO;
				MTL_FAST_MATH = YES;
				SDKROOT = iphoneos;
				SWIFT_COMPILATION_MODE = wholemodule;
				SWIFT_OPTIMIZATION_LEVEL = "-O";
				VALIDATE_PRODUCT = YES;
			};
			name = Release;
		};
		D0867DC528D7C6E50050B092 /* Debug */ = {
			isa = XCBuildConfiguration;
			buildSettings = {
				ASSETCATALOG_COMPILER_APPICON_NAME = AppIcon;
				ASSETCATALOG_COMPILER_GLOBAL_ACCENT_COLOR_NAME = AccentColor;
				CODE_SIGN_IDENTITY = "Apple Development";
				CODE_SIGN_STYLE = Automatic;
				CURRENT_PROJECT_VERSION = 1;
				DEVELOPMENT_ASSET_PATHS = "\"CursedWeatherApp/Preview Content\"";
				DEVELOPMENT_TEAM = 7QAF4DN8XC;
				ENABLE_PREVIEWS = YES;
				GENERATE_INFOPLIST_FILE = YES;
				INFOPLIST_KEY_UIApplicationSceneManifest_Generation = YES;
				INFOPLIST_KEY_UIApplicationSupportsIndirectInputEvents = YES;
				INFOPLIST_KEY_UILaunchScreen_Generation = YES;
				INFOPLIST_KEY_UISupportedInterfaceOrientations_iPad = "UIInterfaceOrientationPortrait UIInterfaceOrientationPortraitUpsideDown UIInterfaceOrientationLandscapeLeft UIInterfaceOrientationLandscapeRight";
				INFOPLIST_KEY_UISupportedInterfaceOrientations_iPhone = "UIInterfaceOrientationPortrait UIInterfaceOrientationLandscapeLeft UIInterfaceOrientationLandscapeRight";
				IPHONEOS_DEPLOYMENT_TARGET = 15.0;
				LD_RUNPATH_SEARCH_PATHS = (
					"$(inherited)",
					"@executable_path/Frameworks",
				);
				MARKETING_VERSION = 1.0;
				PRODUCT_BUNDLE_IDENTIFIER = keeg.WeatherAppPractice;
				PRODUCT_NAME = "$(TARGET_NAME)";
				SWIFT_EMIT_LOC_STRINGS = YES;
				SWIFT_VERSION = 5.0;
				TARGETED_DEVICE_FAMILY = "1,2";
			};
			name = Debug;
		};
		D0867DC628D7C6E50050B092 /* Release */ = {
			isa = XCBuildConfiguration;
			buildSettings = {
				ASSETCATALOG_COMPILER_APPICON_NAME = AppIcon;
				ASSETCATALOG_COMPILER_GLOBAL_ACCENT_COLOR_NAME = AccentColor;
				CODE_SIGN_IDENTITY = "Apple Development";
				CODE_SIGN_STYLE = Automatic;
				CURRENT_PROJECT_VERSION = 1;
				DEVELOPMENT_ASSET_PATHS = "\"CursedWeatherApp/Preview Content\"";
				DEVELOPMENT_TEAM = 7QAF4DN8XC;
				ENABLE_PREVIEWS = YES;
				GENERATE_INFOPLIST_FILE = YES;
				INFOPLIST_KEY_UIApplicationSceneManifest_Generation = YES;
				INFOPLIST_KEY_UIApplicationSupportsIndirectInputEvents = YES;
				INFOPLIST_KEY_UILaunchScreen_Generation = YES;
				INFOPLIST_KEY_UISupportedInterfaceOrientations_iPad = "UIInterfaceOrientationPortrait UIInterfaceOrientationPortraitUpsideDown UIInterfaceOrientationLandscapeLeft UIInterfaceOrientationLandscapeRight";
				INFOPLIST_KEY_UISupportedInterfaceOrientations_iPhone = "UIInterfaceOrientationPortrait UIInterfaceOrientationLandscapeLeft UIInterfaceOrientationLandscapeRight";
				IPHONEOS_DEPLOYMENT_TARGET = 15.0;
				LD_RUNPATH_SEARCH_PATHS = (
					"$(inherited)",
					"@executable_path/Frameworks",
				);
				MARKETING_VERSION = 1.0;
				PRODUCT_BUNDLE_IDENTIFIER = keeg.WeatherAppPractice;
				PRODUCT_NAME = "$(TARGET_NAME)";
				SWIFT_EMIT_LOC_STRINGS = YES;
				SWIFT_VERSION = 5.0;
				TARGETED_DEVICE_FAMILY = "1,2";
			};
			name = Release;
		};
/* End XCBuildConfiguration section */

/* Begin XCConfigurationList section */
		D0867DB128D7C6E50050B092 /* Build configuration list for PBXProject "CursedWeatherApp" */ = {
			isa = XCConfigurationList;
			buildConfigurations = (
				D0867DC228D7C6E50050B092 /* Debug */,
				D0867DC328D7C6E50050B092 /* Release */,
			);
			defaultConfigurationIsVisible = 0;
			defaultConfigurationName = Release;
		};
		D0867DC428D7C6E50050B092 /* Build configuration list for PBXNativeTarget "CursedWeatherApp" */ = {
			isa = XCConfigurationList;
			buildConfigurations = (
				D0867DC528D7C6E50050B092 /* Debug */,
				D0867DC628D7C6E50050B092 /* Release */,
			);
			defaultConfigurationIsVisible = 0;
			defaultConfigurationName = Release;
		};
/* End XCConfigurationList section */
	};
	rootObject = D0867DAE28D7C6E50050B092 /* Project object */;
}
